
Microsoft Visual Studio Solution File, Format Version 12.00
# Visual Studio 15
VisualStudioVersion = 15.0.26430.15
MinimumVisualStudioVersion = 10.0.40219.1
Project("{FAE04EC0-301F-11D3-BF4B-00C04F79EFBC}") = "ToodleDoo1.Android", "ToodleDoo1\ToodleDoo1.Android\ToodleDoo1.Android.csproj", "{F0972D4E-D30E-4219-9DDD-D611B7E16222}"
EndProject
Project("{FAE04EC0-301F-11D3-BF4B-00C04F79EFBC}") = "ToodleDoo1", "ToodleDoo1\ToodleDoo1\ToodleDoo1.csproj", "{A65C543D-E1FE-4E30-BFBB-20F8B2D119B9}"
EndProject
Project("{FAE04EC0-301F-11D3-BF4B-00C04F79EFBC}") = "ToodleDoo1.UWP", "ToodleDoo1\ToodleDoo1.UWP\ToodleDoo1.UWP.csproj", "{8BD6CE2A-9D74-4D56-ACF2-FB8B37A13F4A}"
EndProject
Project("{FAE04EC0-301F-11D3-BF4B-00C04F79EFBC}") = "ToodleDoo1.iOS", "ToodleDoo1\ToodleDoo1.iOS\ToodleDoo1.iOS.csproj", "{F9E67731-3A68-49E9-B3B6-68420D20A1EF}"
EndProject
Global
	GlobalSection(SolutionConfigurationPlatforms) = preSolution
		Ad-Hoc|Any CPU = Ad-Hoc|Any CPU
		Ad-Hoc|ARM = Ad-Hoc|ARM
		Ad-Hoc|iPhone = Ad-Hoc|iPhone
		Ad-Hoc|iPhoneSimulator = Ad-Hoc|iPhoneSimulator
		Ad-Hoc|x64 = Ad-Hoc|x64
		Ad-Hoc|x86 = Ad-Hoc|x86
		AppStore|Any CPU = AppStore|Any CPU
		AppStore|ARM = AppStore|ARM
		AppStore|iPhone = AppStore|iPhone
		AppStore|iPhoneSimulator = AppStore|iPhoneSimulator
		AppStore|x64 = AppStore|x64
		AppStore|x86 = AppStore|x86
		Debug|Any CPU = Debug|Any CPU
		Debug|ARM = Debug|ARM
		Debug|iPhone = Debug|iPhone
		Debug|iPhoneSimulator = Debug|iPhoneSimulator
		Debug|x64 = Debug|x64
		Debug|x86 = Debug|x86
		Release|Any CPU = Release|Any CPU
		Release|ARM = Release|ARM
		Release|iPhone = Release|iPhone
		Release|iPhoneSimulator = Release|iPhoneSimulator
		Release|x64 = Release|x64
		Release|x86 = Release|x86
	EndGlobalSection
	GlobalSection(ProjectConfigurationPlatforms) = postSolution
		{F0972D4E-D30E-4219-9DDD-D611B7E16222}.Ad-Hoc|Any CPU.ActiveCfg = Release|Any CPU
		{F0972D4E-D30E-4219-9DDD-D611B7E16222}.Ad-Hoc|Any CPU.Build.0 = Release|Any CPU
		{F0972D4E-D30E-4219-9DDD-D611B7E16222}.Ad-Hoc|Any CPU.Deploy.0 = Release|Any CPU
		{F0972D4E-D30E-4219-9DDD-D611B7E16222}.Ad-Hoc|ARM.ActiveCfg = Release|Any CPU
		{F0972D4E-D30E-4219-9DDD-D611B7E16222}.Ad-Hoc|ARM.Build.0 = Release|Any CPU
		{F0972D4E-D30E-4219-9DDD-D611B7E16222}.Ad-Hoc|ARM.Deploy.0 = Release|Any CPU
		{F0972D4E-D30E-4219-9DDD-D611B7E16222}.Ad-Hoc|iPhone.ActiveCfg = Release|Any CPU
		{F0972D4E-D30E-4219-9DDD-D611B7E16222}.Ad-Hoc|iPhone.Build.0 = Release|Any CPU
		{F0972D4E-D30E-4219-9DDD-D611B7E16222}.Ad-Hoc|iPhone.Deploy.0 = Release|Any CPU
		{F0972D4E-D30E-4219-9DDD-D611B7E16222}.Ad-Hoc|iPhoneSimulator.ActiveCfg = Release|Any CPU
		{F0972D4E-D30E-4219-9DDD-D611B7E16222}.Ad-Hoc|iPhoneSimulator.Build.0 = Release|Any CPU
		{F0972D4E-D30E-4219-9DDD-D611B7E16222}.Ad-Hoc|iPhoneSimulator.Deploy.0 = Release|Any CPU
		{F0972D4E-D30E-4219-9DDD-D611B7E16222}.Ad-Hoc|x64.ActiveCfg = Release|Any CPU
		{F0972D4E-D30E-4219-9DDD-D611B7E16222}.Ad-Hoc|x64.Build.0 = Release|Any CPU
		{F0972D4E-D30E-4219-9DDD-D611B7E16222}.Ad-Hoc|x64.Deploy.0 = Release|Any CPU
		{F0972D4E-D30E-4219-9DDD-D611B7E16222}.Ad-Hoc|x86.ActiveCfg = Release|Any CPU
		{F0972D4E-D30E-4219-9DDD-D611B7E16222}.Ad-Hoc|x86.Build.0 = Release|Any CPU
		{F0972D4E-D30E-4219-9DDD-D611B7E16222}.Ad-Hoc|x86.Deploy.0 = Release|Any CPU
		{F0972D4E-D30E-4219-9DDD-D611B7E16222}.AppStore|Any CPU.ActiveCfg = Release|Any CPU
		{F0972D4E-D30E-4219-9DDD-D611B7E16222}.AppStore|Any CPU.Build.0 = Release|Any CPU
		{F0972D4E-D30E-4219-9DDD-D611B7E16222}.AppStore|Any CPU.Deploy.0 = Release|Any CPU
		{F0972D4E-D30E-4219-9DDD-D611B7E16222}.AppStore|ARM.ActiveCfg = Release|Any CPU
		{F0972D4E-D30E-4219-9DDD-D611B7E16222}.AppStore|ARM.Build.0 = Release|Any CPU
		{F0972D4E-D30E-4219-9DDD-D611B7E16222}.AppStore|ARM.Deploy.0 = Release|Any CPU
		{F0972D4E-D30E-4219-9DDD-D611B7E16222}.AppStore|iPhone.ActiveCfg = Release|Any CPU
		{F0972D4E-D30E-4219-9DDD-D611B7E16222}.AppStore|iPhone.Build.0 = Release|Any CPU
		{F0972D4E-D30E-4219-9DDD-D611B7E16222}.AppStore|iPhone.Deploy.0 = Release|Any CPU
		{F0972D4E-D30E-4219-9DDD-D611B7E16222}.AppStore|iPhoneSimulator.ActiveCfg = Release|Any CPU
		{F0972D4E-D30E-4219-9DDD-D611B7E16222}.AppStore|iPhoneSimulator.Build.0 = Release|Any CPU
		{F0972D4E-D30E-4219-9DDD-D611B7E16222}.AppStore|iPhoneSimulator.Deploy.0 = Release|Any CPU
		{F0972D4E-D30E-4219-9DDD-D611B7E16222}.AppStore|x64.ActiveCfg = Release|Any CPU
		{F0972D4E-D30E-4219-9DDD-D611B7E16222}.AppStore|x64.Build.0 = Release|Any CPU
		{F0972D4E-D30E-4219-9DDD-D611B7E16222}.AppStore|x64.Deploy.0 = Release|Any CPU
		{F0972D4E-D30E-4219-9DDD-D611B7E16222}.AppStore|x86.ActiveCfg = Release|Any CPU
		{F0972D4E-D30E-4219-9DDD-D611B7E16222}.AppStore|x86.Build.0 = Release|Any CPU
		{F0972D4E-D30E-4219-9DDD-D611B7E16222}.AppStore|x86.Deploy.0 = Release|Any CPU
		{F0972D4E-D30E-4219-9DDD-D611B7E16222}.Debug|Any CPU.ActiveCfg = Debug|Any CPU
		{F0972D4E-D30E-4219-9DDD-D611B7E16222}.Debug|Any CPU.Build.0 = Debug|Any CPU
		{F0972D4E-D30E-4219-9DDD-D611B7E16222}.Debug|Any CPU.Deploy.0 = Debug|Any CPU
		{F0972D4E-D30E-4219-9DDD-D611B7E16222}.Debug|ARM.ActiveCfg = Debug|Any CPU
		{F0972D4E-D30E-4219-9DDD-D611B7E16222}.Debug|ARM.Build.0 = Debug|Any CPU
		{F0972D4E-D30E-4219-9DDD-D611B7E16222}.Debug|ARM.Deploy.0 = Debug|Any CPU
		{F0972D4E-D30E-4219-9DDD-D611B7E16222}.Debug|iPhone.ActiveCfg = Debug|Any CPU
		{F0972D4E-D30E-4219-9DDD-D611B7E16222}.Debug|iPhone.Build.0 = Debug|Any CPU
		{F0972D4E-D30E-4219-9DDD-D611B7E16222}.Debug|iPhone.Deploy.0 = Debug|Any CPU
		{F0972D4E-D30E-4219-9DDD-D611B7E16222}.Debug|iPhoneSimulator.ActiveCfg = Debug|Any CPU
		{F0972D4E-D30E-4219-9DDD-D611B7E16222}.Debug|iPhoneSimulator.Build.0 = Debug|Any CPU
		{F0972D4E-D30E-4219-9DDD-D611B7E16222}.Debug|iPhoneSimulator.Deploy.0 = Debug|Any CPU
		{F0972D4E-D30E-4219-9DDD-D611B7E16222}.Debug|x64.ActiveCfg = Debug|Any CPU
		{F0972D4E-D30E-4219-9DDD-D611B7E16222}.Debug|x64.Build.0 = Debug|Any CPU
		{F0972D4E-D30E-4219-9DDD-D611B7E16222}.Debug|x64.Deploy.0 = Debug|Any CPU
		{F0972D4E-D30E-4219-9DDD-D611B7E16222}.Debug|x86.ActiveCfg = Debug|Any CPU
		{F0972D4E-D30E-4219-9DDD-D611B7E16222}.Debug|x86.Build.0 = Debug|Any CPU
		{F0972D4E-D30E-4219-9DDD-D611B7E16222}.Debug|x86.Deploy.0 = Debug|Any CPU
		{F0972D4E-D30E-4219-9DDD-D611B7E16222}.Release|Any CPU.ActiveCfg = Release|Any CPU
		{F0972D4E-D30E-4219-9DDD-D611B7E16222}.Release|Any CPU.Build.0 = Release|Any CPU
		{F0972D4E-D30E-4219-9DDD-D611B7E16222}.Release|Any CPU.Deploy.0 = Release|Any CPU
		{F0972D4E-D30E-4219-9DDD-D611B7E16222}.Release|ARM.ActiveCfg = Release|Any CPU
		{F0972D4E-D30E-4219-9DDD-D611B7E16222}.Release|ARM.Build.0 = Release|Any CPU
		{F0972D4E-D30E-4219-9DDD-D611B7E16222}.Release|ARM.Deploy.0 = Release|Any CPU
		{F0972D4E-D30E-4219-9DDD-D611B7E16222}.Release|iPhone.ActiveCfg = Release|Any CPU
		{F0972D4E-D30E-4219-9DDD-D611B7E16222}.Release|iPhone.Build.0 = Release|Any CPU
		{F0972D4E-D30E-4219-9DDD-D611B7E16222}.Release|iPhone.Deploy.0 = Release|Any CPU
		{F0972D4E-D30E-4219-9DDD-D611B7E16222}.Release|iPhoneSimulator.ActiveCfg = Release|Any CPU
		{F0972D4E-D30E-4219-9DDD-D611B7E16222}.Release|iPhoneSimulator.Build.0 = Release|Any CPU
		{F0972D4E-D30E-4219-9DDD-D611B7E16222}.Release|iPhoneSimulator.Deploy.0 = Release|Any CPU
		{F0972D4E-D30E-4219-9DDD-D611B7E16222}.Release|x64.ActiveCfg = Release|Any CPU
		{F0972D4E-D30E-4219-9DDD-D611B7E16222}.Release|x64.Build.0 = Release|Any CPU
		{F0972D4E-D30E-4219-9DDD-D611B7E16222}.Release|x64.Deploy.0 = Release|Any CPU
		{F0972D4E-D30E-4219-9DDD-D611B7E16222}.Release|x86.ActiveCfg = Release|Any CPU
		{F0972D4E-D30E-4219-9DDD-D611B7E16222}.Release|x86.Build.0 = Release|Any CPU
		{F0972D4E-D30E-4219-9DDD-D611B7E16222}.Release|x86.Deploy.0 = Release|Any CPU
		{A65C543D-E1FE-4E30-BFBB-20F8B2D119B9}.Ad-Hoc|Any CPU.ActiveCfg = Release|Any CPU
		{A65C543D-E1FE-4E30-BFBB-20F8B2D119B9}.Ad-Hoc|Any CPU.Build.0 = Release|Any CPU
		{A65C543D-E1FE-4E30-BFBB-20F8B2D119B9}.Ad-Hoc|ARM.ActiveCfg = Release|Any CPU
		{A65C543D-E1FE-4E30-BFBB-20F8B2D119B9}.Ad-Hoc|ARM.Build.0 = Release|Any CPU
		{A65C543D-E1FE-4E30-BFBB-20F8B2D119B9}.Ad-Hoc|iPhone.ActiveCfg = Release|Any CPU
		{A65C543D-E1FE-4E30-BFBB-20F8B2D119B9}.Ad-Hoc|iPhone.Build.0 = Release|Any CPU
		{A65C543D-E1FE-4E30-BFBB-20F8B2D119B9}.Ad-Hoc|iPhoneSimulator.ActiveCfg = Release|Any CPU
		{A65C543D-E1FE-4E30-BFBB-20F8B2D119B9}.Ad-Hoc|iPhoneSimulator.Build.0 = Release|Any CPU
		{A65C543D-E1FE-4E30-BFBB-20F8B2D119B9}.Ad-Hoc|x64.ActiveCfg = Release|Any CPU
		{A65C543D-E1FE-4E30-BFBB-20F8B2D119B9}.Ad-Hoc|x64.Build.0 = Release|Any CPU
		{A65C543D-E1FE-4E30-BFBB-20F8B2D119B9}.Ad-Hoc|x86.ActiveCfg = Release|Any CPU
		{A65C543D-E1FE-4E30-BFBB-20F8B2D119B9}.Ad-Hoc|x86.Build.0 = Release|Any CPU
		{A65C543D-E1FE-4E30-BFBB-20F8B2D119B9}.AppStore|Any CPU.ActiveCfg = Release|Any CPU
		{A65C543D-E1FE-4E30-BFBB-20F8B2D119B9}.AppStore|Any CPU.Build.0 = Release|Any CPU
		{A65C543D-E1FE-4E30-BFBB-20F8B2D119B9}.AppStore|ARM.ActiveCfg = Release|Any CPU
		{A65C543D-E1FE-4E30-BFBB-20F8B2D119B9}.AppStore|ARM.Build.0 = Release|Any CPU
		{A65C543D-E1FE-4E30-BFBB-20F8B2D119B9}.AppStore|iPhone.ActiveCfg = Release|Any CPU
		{A65C543D-E1FE-4E30-BFBB-20F8B2D119B9}.AppStore|iPhone.Build.0 = Release|Any CPU
		{A65C543D-E1FE-4E30-BFBB-20F8B2D119B9}.AppStore|iPhoneSimulator.ActiveCfg = Release|Any CPU
		{A65C543D-E1FE-4E30-BFBB-20F8B2D119B9}.AppStore|iPhoneSimulator.Build.0 = Release|Any CPU
		{A65C543D-E1FE-4E30-BFBB-20F8B2D119B9}.AppStore|x64.ActiveCfg = Release|Any CPU
		{A65C543D-E1FE-4E30-BFBB-20F8B2D119B9}.AppStore|x64.Build.0 = Release|Any CPU
		{A65C543D-E1FE-4E30-BFBB-20F8B2D119B9}.AppStore|x86.ActiveCfg = Release|Any CPU
		{A65C543D-E1FE-4E30-BFBB-20F8B2D119B9}.AppStore|x86.Build.0 = Release|Any CPU
		{A65C543D-E1FE-4E30-BFBB-20F8B2D119B9}.Debug|Any CPU.ActiveCfg = Debug|Any CPU
		{A65C543D-E1FE-4E30-BFBB-20F8B2D119B9}.Debug|Any CPU.Build.0 = Debug|Any CPU
		{A65C543D-E1FE-4E30-BFBB-20F8B2D119B9}.Debug|ARM.ActiveCfg = Debug|Any CPU
		{A65C543D-E1FE-4E30-BFBB-20F8B2D119B9}.Debug|ARM.Build.0 = Debug|Any CPU
		{A65C543D-E1FE-4E30-BFBB-20F8B2D119B9}.Debug|iPhone.ActiveCfg = Debug|Any CPU
		{A65C543D-E1FE-4E30-BFBB-20F8B2D119B9}.Debug|iPhone.Build.0 = Debug|Any CPU
		{A65C543D-E1FE-4E30-BFBB-20F8B2D119B9}.Debug|iPhoneSimulator.ActiveCfg = Debug|Any CPU
		{A65C543D-E1FE-4E30-BFBB-20F8B2D119B9}.Debug|iPhoneSimulator.Build.0 = Debug|Any CPU
		{A65C543D-E1FE-4E30-BFBB-20F8B2D119B9}.Debug|x64.ActiveCfg = Debug|Any CPU
		{A65C543D-E1FE-4E30-BFBB-20F8B2D119B9}.Debug|x64.Build.0 = Debug|Any CPU
		{A65C543D-E1FE-4E30-BFBB-20F8B2D119B9}.Debug|x86.ActiveCfg = Debug|Any CPU
		{A65C543D-E1FE-4E30-BFBB-20F8B2D119B9}.Debug|x86.Build.0 = Debug|Any CPU
		{A65C543D-E1FE-4E30-BFBB-20F8B2D119B9}.Release|Any CPU.ActiveCfg = Release|Any CPU
		{A65C543D-E1FE-4E30-BFBB-20F8B2D119B9}.Release|Any CPU.Build.0 = Release|Any CPU
		{A65C543D-E1FE-4E30-BFBB-20F8B2D119B9}.Release|ARM.ActiveCfg = Release|Any CPU
		{A65C543D-E1FE-4E30-BFBB-20F8B2D119B9}.Release|ARM.Build.0 = Release|Any CPU
		{A65C543D-E1FE-4E30-BFBB-20F8B2D119B9}.Release|iPhone.ActiveCfg = Release|Any CPU
		{A65C543D-E1FE-4E30-BFBB-20F8B2D119B9}.Release|iPhone.Build.0 = Release|Any CPU
		{A65C543D-E1FE-4E30-BFBB-20F8B2D119B9}.Release|iPhoneSimulator.ActiveCfg = Release|Any CPU
		{A65C543D-E1FE-4E30-BFBB-20F8B2D119B9}.Release|iPhoneSimulator.Build.0 = Release|Any CPU
		{A65C543D-E1FE-4E30-BFBB-20F8B2D119B9}.Release|x64.ActiveCfg = Release|Any CPU
		{A65C543D-E1FE-4E30-BFBB-20F8B2D119B9}.Release|x64.Build.0 = Release|Any CPU
		{A65C543D-E1FE-4E30-BFBB-20F8B2D119B9}.Release|x86.ActiveCfg = Release|Any CPU
		{A65C543D-E1FE-4E30-BFBB-20F8B2D119B9}.Release|x86.Build.0 = Release|Any CPU
		{8BD6CE2A-9D74-4D56-ACF2-FB8B37A13F4A}.Ad-Hoc|Any CPU.ActiveCfg = Release|x86
		{8BD6CE2A-9D74-4D56-ACF2-FB8B37A13F4A}.Ad-Hoc|Any CPU.Build.0 = Release|x86
		{8BD6CE2A-9D74-4D56-ACF2-FB8B37A13F4A}.Ad-Hoc|Any CPU.Deploy.0 = Release|x86
		{8BD6CE2A-9D74-4D56-ACF2-FB8B37A13F4A}.Ad-Hoc|ARM.ActiveCfg = Release|ARM
		{8BD6CE2A-9D74-4D56-ACF2-FB8B37A13F4A}.Ad-Hoc|ARM.Build.0 = Release|ARM
		{8BD6CE2A-9D74-4D56-ACF2-FB8B37A13F4A}.Ad-Hoc|ARM.Deploy.0 = Release|ARM
		{8BD6CE2A-9D74-4D56-ACF2-FB8B37A13F4A}.Ad-Hoc|iPhone.ActiveCfg = Release|x86
		{8BD6CE2A-9D74-4D56-ACF2-FB8B37A13F4A}.Ad-Hoc|iPhone.Build.0 = Release|x86
		{8BD6CE2A-9D74-4D56-ACF2-FB8B37A13F4A}.Ad-Hoc|iPhone.Deploy.0 = Release|x86
		{8BD6CE2A-9D74-4D56-ACF2-FB8B37A13F4A}.Ad-Hoc|iPhoneSimulator.ActiveCfg = Release|x86
		{8BD6CE2A-9D74-4D56-ACF2-FB8B37A13F4A}.Ad-Hoc|iPhoneSimulator.Build.0 = Release|x86
		{8BD6CE2A-9D74-4D56-ACF2-FB8B37A13F4A}.Ad-Hoc|iPhoneSimulator.Deploy.0 = Release|x86
		{8BD6CE2A-9D74-4D56-ACF2-FB8B37A13F4A}.Ad-Hoc|x64.ActiveCfg = Release|x64
		{8BD6CE2A-9D74-4D56-ACF2-FB8B37A13F4A}.Ad-Hoc|x64.Build.0 = Release|x64
		{8BD6CE2A-9D74-4D56-ACF2-FB8B37A13F4A}.Ad-Hoc|x64.Deploy.0 = Release|x64
		{8BD6CE2A-9D74-4D56-ACF2-FB8B37A13F4A}.Ad-Hoc|x86.ActiveCfg = Release|x86
		{8BD6CE2A-9D74-4D56-ACF2-FB8B37A13F4A}.Ad-Hoc|x86.Build.0 = Release|x86
		{8BD6CE2A-9D74-4D56-ACF2-FB8B37A13F4A}.Ad-Hoc|x86.Deploy.0 = Release|x86
		{8BD6CE2A-9D74-4D56-ACF2-FB8B37A13F4A}.AppStore|Any CPU.ActiveCfg = Release|x86
		{8BD6CE2A-9D74-4D56-ACF2-FB8B37A13F4A}.AppStore|Any CPU.Build.0 = Release|x86
		{8BD6CE2A-9D74-4D56-ACF2-FB8B37A13F4A}.AppStore|Any CPU.Deploy.0 = Release|x86
		{8BD6CE2A-9D74-4D56-ACF2-FB8B37A13F4A}.AppStore|ARM.ActiveCfg = Release|ARM
		{8BD6CE2A-9D74-4D56-ACF2-FB8B37A13F4A}.AppStore|ARM.Build.0 = Release|ARM
		{8BD6CE2A-9D74-4D56-ACF2-FB8B37A13F4A}.AppStore|ARM.Deploy.0 = Release|ARM
		{8BD6CE2A-9D74-4D56-ACF2-FB8B37A13F4A}.AppStore|iPhone.ActiveCfg = Release|x86
		{8BD6CE2A-9D74-4D56-ACF2-FB8B37A13F4A}.AppStore|iPhone.Build.0 = Release|x86
		{8BD6CE2A-9D74-4D56-ACF2-FB8B37A13F4A}.AppStore|iPhone.Deploy.0 = Release|x86
		{8BD6CE2A-9D74-4D56-ACF2-FB8B37A13F4A}.AppStore|iPhoneSimulator.ActiveCfg = Release|x86
		{8BD6CE2A-9D74-4D56-ACF2-FB8B37A13F4A}.AppStore|iPhoneSimulator.Build.0 = Release|x86
		{8BD6CE2A-9D74-4D56-ACF2-FB8B37A13F4A}.AppStore|iPhoneSimulator.Deploy.0 = Release|x86
		{8BD6CE2A-9D74-4D56-ACF2-FB8B37A13F4A}.AppStore|x64.ActiveCfg = Release|x64
		{8BD6CE2A-9D74-4D56-ACF2-FB8B37A13F4A}.AppStore|x64.Build.0 = Release|x64
		{8BD6CE2A-9D74-4D56-ACF2-FB8B37A13F4A}.AppStore|x64.Deploy.0 = Release|x64
		{8BD6CE2A-9D74-4D56-ACF2-FB8B37A13F4A}.AppStore|x86.ActiveCfg = Release|x86
		{8BD6CE2A-9D74-4D56-ACF2-FB8B37A13F4A}.AppStore|x86.Build.0 = Release|x86
		{8BD6CE2A-9D74-4D56-ACF2-FB8B37A13F4A}.AppStore|x86.Deploy.0 = Release|x86
		{8BD6CE2A-9D74-4D56-ACF2-FB8B37A13F4A}.Debug|Any CPU.ActiveCfg = Debug|x86
		{8BD6CE2A-9D74-4D56-ACF2-FB8B37A13F4A}.Debug|ARM.ActiveCfg = Debug|ARM
		{8BD6CE2A-9D74-4D56-ACF2-FB8B37A13F4A}.Debug|ARM.Build.0 = Debug|ARM
		{8BD6CE2A-9D74-4D56-ACF2-FB8B37A13F4A}.Debug|ARM.Deploy.0 = Debug|ARM
		{8BD6CE2A-9D74-4D56-ACF2-FB8B37A13F4A}.Debug|iPhone.ActiveCfg = Debug|x86
		{8BD6CE2A-9D74-4D56-ACF2-FB8B37A13F4A}.Debug|iPhoneSimulator.ActiveCfg = Debug|x86
		{8BD6CE2A-9D74-4D56-ACF2-FB8B37A13F4A}.Debug|x64.ActiveCfg = Debug|x64
		{8BD6CE2A-9D74-4D56-ACF2-FB8B37A13F4A}.Debug|x64.Build.0 = Debug|x64
		{8BD6CE2A-9D74-4D56-ACF2-FB8B37A13F4A}.Debug|x64.Deploy.0 = Debug|x64
		{8BD6CE2A-9D74-4D56-ACF2-FB8B37A13F4A}.Debug|x86.ActiveCfg = Debug|x86
		{8BD6CE2A-9D74-4D56-ACF2-FB8B37A13F4A}.Debug|x86.Build.0 = Debug|x86
		{8BD6CE2A-9D74-4D56-ACF2-FB8B37A13F4A}.Debug|x86.Deploy.0 = Debug|x86
		{8BD6CE2A-9D74-4D56-ACF2-FB8B37A13F4A}.Release|Any CPU.ActiveCfg = Release|x86
		{8BD6CE2A-9D74-4D56-ACF2-FB8B37A13F4A}.Release|ARM.ActiveCfg = Release|ARM
		{8BD6CE2A-9D74-4D56-ACF2-FB8B37A13F4A}.Release|ARM.Build.0 = Release|ARM
		{8BD6CE2A-9D74-4D56-ACF2-FB8B37A13F4A}.Release|ARM.Deploy.0 = Release|ARM
		{8BD6CE2A-9D74-4D56-ACF2-FB8B37A13F4A}.Release|iPhone.ActiveCfg = Release|x86
		{8BD6CE2A-9D74-4D56-ACF2-FB8B37A13F4A}.Release|iPhoneSimulator.ActiveCfg = Release|x86
		{8BD6CE2A-9D74-4D56-ACF2-FB8B37A13F4A}.Release|x64.ActiveCfg = Release|x64
		{8BD6CE2A-9D74-4D56-ACF2-FB8B37A13F4A}.Release|x64.Build.0 = Release|x64
		{8BD6CE2A-9D74-4D56-ACF2-FB8B37A13F4A}.Release|x64.Deploy.0 = Release|x64
		{8BD6CE2A-9D74-4D56-ACF2-FB8B37A13F4A}.Release|x86.ActiveCfg = Release|x86
		{8BD6CE2A-9D74-4D56-ACF2-FB8B37A13F4A}.Release|x86.Build.0 = Release|x86
		{8BD6CE2A-9D74-4D56-ACF2-FB8B37A13F4A}.Release|x86.Deploy.0 = Release|x86
		{F9E67731-3A68-49E9-B3B6-68420D20A1EF}.Ad-Hoc|Any CPU.ActiveCfg = Ad-Hoc|iPhone
		{F9E67731-3A68-49E9-B3B6-68420D20A1EF}.Ad-Hoc|ARM.ActiveCfg = Ad-Hoc|iPhone
		{F9E67731-3A68-49E9-B3B6-68420D20A1EF}.Ad-Hoc|iPhone.ActiveCfg = Ad-Hoc|iPhone
		{F9E67731-3A68-49E9-B3B6-68420D20A1EF}.Ad-Hoc|iPhone.Build.0 = Ad-Hoc|iPhone
		{F9E67731-3A68-49E9-B3B6-68420D20A1EF}.Ad-Hoc|iPhoneSimulator.ActiveCfg = Ad-Hoc|iPhoneSimulator
		{F9E67731-3A68-49E9-B3B6-68420D20A1EF}.Ad-Hoc|iPhoneSimulator.Build.0 = Ad-Hoc|iPhoneSimulator
		{F9E67731-3A68-49E9-B3B6-68420D20A1EF}.Ad-Hoc|x64.ActiveCfg = Ad-Hoc|iPhone
		{F9E67731-3A68-49E9-B3B6-68420D20A1EF}.Ad-Hoc|x86.ActiveCfg = Ad-Hoc|iPhone
		{F9E67731-3A68-49E9-B3B6-68420D20A1EF}.AppStore|Any CPU.ActiveCfg = AppStore|iPhone
		{F9E67731-3A68-49E9-B3B6-68420D20A1EF}.AppStore|ARM.ActiveCfg = AppStore|iPhone
		{F9E67731-3A68-49E9-B3B6-68420D20A1EF}.AppStore|iPhone.ActiveCfg = AppStore|iPhone
		{F9E67731-3A68-49E9-B3B6-68420D20A1EF}.AppStore|iPhone.Build.0 = AppStore|iPhone
		{F9E67731-3A68-49E9-B3B6-68420D20A1EF}.AppStore|iPhoneSimulator.ActiveCfg = AppStore|iPhoneSimulator
		{F9E67731-3A68-49E9-B3B6-68420D20A1EF}.AppStore|iPhoneSimulator.Build.0 = AppStore|iPhoneSimulator
		{F9E67731-3A68-49E9-B3B6-68420D20A1EF}.AppStore|x64.ActiveCfg = AppStore|iPhone
		{F9E67731-3A68-49E9-B3B6-68420D20A1EF}.AppStore|x86.ActiveCfg = AppStore|iPhone
		{F9E67731-3A68-49E9-B3B6-68420D20A1EF}.Debug|Any CPU.ActiveCfg = Debug|iPhone
		{F9E67731-3A68-49E9-B3B6-68420D20A1EF}.Debug|ARM.ActiveCfg = Debug|iPhone
		{F9E67731-3A68-49E9-B3B6-68420D20A1EF}.Debug|iPhone.ActiveCfg = Debug|iPhone
		{F9E67731-3A68-49E9-B3B6-68420D20A1EF}.Debug|iPhone.Build.0 = Debug|iPhone
		{F9E67731-3A68-49E9-B3B6-68420D20A1EF}.Debug|iPhoneSimulator.ActiveCfg = Debug|iPhoneSimulator
		{F9E67731-3A68-49E9-B3B6-68420D20A1EF}.Debug|iPhoneSimulator.Build.0 = Debug|iPhoneSimulator
		{F9E67731-3A68-49E9-B3B6-68420D20A1EF}.Debug|x64.ActiveCfg = Debug|iPhone
		{F9E67731-3A68-49E9-B3B6-68420D20A1EF}.Debug|x86.ActiveCfg = Debug|iPhone
		{F9E67731-3A68-49E9-B3B6-68420D20A1EF}.Release|Any CPU.ActiveCfg = Release|iPhone
		{F9E67731-3A68-49E9-B3B6-68420D20A1EF}.Release|ARM.ActiveCfg = Release|iPhone
		{F9E67731-3A68-49E9-B3B6-68420D20A1EF}.Release|iPhone.ActiveCfg = Release|iPhone
		{F9E67731-3A68-49E9-B3B6-68420D20A1EF}.Release|iPhone.Build.0 = Release|iPhone
		{F9E67731-3A68-49E9-B3B6-68420D20A1EF}.Release|iPhoneSimulator.ActiveCfg = Release|iPhoneSimulator
		{F9E67731-3A68-49E9-B3B6-68420D20A1EF}.Release|iPhoneSimulator.Build.0 = Release|iPhoneSimulator
		{F9E67731-3A68-49E9-B3B6-68420D20A1EF}.Release|x64.ActiveCfg = Release|iPhone
		{F9E67731-3A68-49E9-B3B6-68420D20A1EF}.Release|x86.ActiveCfg = Release|iPhone
	EndGlobalSection
	GlobalSection(SolutionProperties) = preSolution
		HideSolutionNode = FALSE
	EndGlobalSection
EndGlobal
